
Microsoft Visual Studio Solution File, Format Version 12.00
# Visual Studio 15
VisualStudioVersion = 15.0.28307.102
MinimumVisualStudioVersion = 10.0.40219.1
Project("{FAE04EC0-301F-11D3-BF4B-00C04F79EFBC}") = "IdentityServer.QuickStart.IdentityServer", "IdentityServer.QuickStart.IdentityServer\IdentityServer.QuickStart.IdentityServer.csproj", "{4427F75E-36E3-426C-B8CE-BDEF8F767F46}"
EndProject
Project("{FAE04EC0-301F-11D3-BF4B-00C04F79EFBC}") = "IdentityServer.QuickStart.API", "IdentityServer.QuickStart.API\IdentityServer.QuickStart.API.csproj", "{09C46AF0-884C-4DF2-8B40-1FC29A2442EC}"
EndProject
Project("{FAE04EC0-301F-11D3-BF4B-00C04F79EFBC}") = "IdentityServer.QuickStart.Client", "IdentityServer.QuickStart.Client\IdentityServer.QuickStart.Client.csproj", "{9548022D-3B83-4D39-8FE2-F4EDFF572116}"
EndProject
Project("{FAE04EC0-301F-11D3-BF4B-00C04F79EFBC}") = "IdentityServer.QuickStart.ResourceOwnerClient", "IdentityServer.QuickStart.ResourceOwnerClient\IdentityServer.QuickStart.ResourceOwnerClient.csproj", "{639010D0-91CA-40A9-9A49-4554BA95AE46}"
EndProject
Global
	GlobalSection(SolutionConfigurationPlatforms) = preSolution
		Debug|Any CPU = Debug|Any CPU
		Release|Any CPU = Release|Any CPU
	EndGlobalSection
	GlobalSection(ProjectConfigurationPlatforms) = postSolution
		{4427F75E-36E3-426C-B8CE-BDEF8F767F46}.Debug|Any CPU.ActiveCfg = Debug|Any CPU
		{4427F75E-36E3-426C-B8CE-BDEF8F767F46}.Debug|Any CPU.Build.0 = Debug|Any CPU
		{4427F75E-36E3-426C-B8CE-BDEF8F767F46}.Release|Any CPU.ActiveCfg = Release|Any CPU
		{4427F75E-36E3-426C-B8CE-BDEF8F767F46}.Release|Any CPU.Build.0 = Release|Any CPU
		{09C46AF0-884C-4DF2-8B40-1FC29A2442EC}.Debug|Any CPU.ActiveCfg = Debug|Any CPU
		{09C46AF0-884C-4DF2-8B40-1FC29A2442EC}.Debug|Any CPU.Build.0 = Debug|Any CPU
		{09C46AF0-884C-4DF2-8B40-1FC29A2442EC}.Release|Any CPU.ActiveCfg = Release|Any CPU
		{09C46AF0-884C-4DF2-8B40-1FC29A2442EC}.Release|Any CPU.Build.0 = Release|Any CPU
		{9548022D-3B83-4D39-8FE2-F4EDFF572116}.Debug|Any CPU.ActiveCfg = Debug|Any CPU
		{9548022D-3B83-4D39-8FE2-F4EDFF572116}.Debug|Any CPU.Build.0 = Debug|Any CPU
		{9548022D-3B83-4D39-8FE2-F4EDFF572116}.Release|Any CPU.ActiveCfg = Release|Any CPU
		{9548022D-3B83-4D39-8FE2-F4EDFF572116}.Release|Any CPU.Build.0 = Release|Any CPU
		{639010D0-91CA-40A9-9A49-4554BA95AE46}.Debug|Any CPU.ActiveCfg = Debug|Any CPU
		{639010D0-91CA-40A9-9A49-4554BA95AE46}.Debug|Any CPU.Build.0 = Debug|Any CPU
		{639010D0-91CA-40A9-9A49-4554BA95AE46}.Release|Any CPU.ActiveCfg = Release|Any CPU
		{639010D0-91CA-40A9-9A49-4554BA95AE46}.Release|Any CPU.Build.0 = Release|Any CPU
	EndGlobalSection
	GlobalSection(SolutionProperties) = preSolution
		HideSolutionNode = FALSE
	EndGlobalSection
	GlobalSection(ExtensibilityGlobals) = postSolution
		SolutionGuid = {48F505AB-A415-469D-AAFC-AFD1A409226C}
	EndGlobalSection
EndGlobal
